
Microsoft Visual Studio Solution File, Format Version 12.00
# Visual Studio Version 17
VisualStudioVersion = 17.11.35303.130
MinimumVisualStudioVersion = 10.0.40219.1
Project("{9A19103F-16F7-4668-BE54-9A1E7A4F7556}") = "Server", "Server\Server.csproj", "{C0EDCF8B-CC31-4A80-81B1-28000F0411CB}"
EndProject
Project("{9A19103F-16F7-4668-BE54-9A1E7A4F7556}") = "BaseLibrary", "BaseLibrary\BaseLibrary.csproj", "{03A3A85F-27E8-485E-8A19-18B26980F969}"
EndProject
Project("{9A19103F-16F7-4668-BE54-9A1E7A4F7556}") = "ClientLibrary", "ClientLibrary\ClientLibrary.csproj", "{C3F422AE-5F9C-4733-B1A1-65B3A41756E3}"
EndProject
Project("{9A19103F-16F7-4668-BE54-9A1E7A4F7556}") = "ServerLibrary", "ServerLibrary\ServerLibrary.csproj", "{EF1CDB21-FED7-44BD-9A87-51CF6EF899D2}"
EndProject
Global
	GlobalSection(SolutionConfigurationPlatforms) = preSolution
		Debug|Any CPU = Debug|Any CPU
		Release|Any CPU = Release|Any CPU
	EndGlobalSection
	GlobalSection(ProjectConfigurationPlatforms) = postSolution
		{C0EDCF8B-CC31-4A80-81B1-28000F0411CB}.Debug|Any CPU.ActiveCfg = Debug|Any CPU
		{C0EDCF8B-CC31-4A80-81B1-28000F0411CB}.Debug|Any CPU.Build.0 = Debug|Any CPU
		{C0EDCF8B-CC31-4A80-81B1-28000F0411CB}.Release|Any CPU.ActiveCfg = Release|Any CPU
		{C0EDCF8B-CC31-4A80-81B1-28000F0411CB}.Release|Any CPU.Build.0 = Release|Any CPU
		{03A3A85F-27E8-485E-8A19-18B26980F969}.Debug|Any CPU.ActiveCfg = Debug|Any CPU
		{03A3A85F-27E8-485E-8A19-18B26980F969}.Debug|Any CPU.Build.0 = Debug|Any CPU
		{03A3A85F-27E8-485E-8A19-18B26980F969}.Release|Any CPU.ActiveCfg = Release|Any CPU
		{03A3A85F-27E8-485E-8A19-18B26980F969}.Release|Any CPU.Build.0 = Release|Any CPU
		{C3F422AE-5F9C-4733-B1A1-65B3A41756E3}.Debug|Any CPU.ActiveCfg = Debug|Any CPU
		{C3F422AE-5F9C-4733-B1A1-65B3A41756E3}.Debug|Any CPU.Build.0 = Debug|Any CPU
		{C3F422AE-5F9C-4733-B1A1-65B3A41756E3}.Release|Any CPU.ActiveCfg = Release|Any CPU
		{C3F422AE-5F9C-4733-B1A1-65B3A41756E3}.Release|Any CPU.Build.0 = Release|Any CPU
		{EF1CDB21-FED7-44BD-9A87-51CF6EF899D2}.Debug|Any CPU.ActiveCfg = Debug|Any CPU
		{EF1CDB21-FED7-44BD-9A87-51CF6EF899D2}.Debug|Any CPU.Build.0 = Debug|Any CPU
		{EF1CDB21-FED7-44BD-9A87-51CF6EF899D2}.Release|Any CPU.ActiveCfg = Release|Any CPU
		{EF1CDB21-FED7-44BD-9A87-51CF6EF899D2}.Release|Any CPU.Build.0 = Release|Any CPU
	EndGlobalSection
	GlobalSection(SolutionProperties) = preSolution
		HideSolutionNode = FALSE
	EndGlobalSection
	GlobalSection(ExtensibilityGlobals) = postSolution
		SolutionGuid = {519A0403-4FB6-4024-A9E7-F8F5E22CD234}
	EndGlobalSection
EndGlobal
